
Microsoft Visual Studio Solution File, Format Version 12.00
# Visual Studio Version 17
VisualStudioVersion = 17.13.35818.85
MinimumVisualStudioVersion = 10.0.40219.1
Project("{FAE04EC0-301F-11D3-BF4B-00C04F79EFBC}") = "Tim Udoma Western Insurance.API", "Tim Udoma Western Insurance\Tim Udoma Western Insurance.API.csproj", "{EBB0C5E1-0AD1-43BB-8717-E15E6496EA0F}"
EndProject
Project("{FAE04EC0-301F-11D3-BF4B-00C04F79EFBC}") = "Tim Udoma Western Insurance.Services", "Tim Udoma Western Insurance.Services\Tim Udoma Western Insurance.Services.csproj", "{91657028-6392-4F69-8942-F8A9647633B0}"
EndProject
Project("{FAE04EC0-301F-11D3-BF4B-00C04F79EFBC}") = "Tim Udoma Western Insurance.Data", "Tim Udoma Western Insurance.Data\Tim Udoma Western Insurance.Data.csproj", "{34226E6A-E553-41FB-8E44-9877E87F7220}"
EndProject
Project("{FAE04EC0-301F-11D3-BF4B-00C04F79EFBC}") = "Tim Udoma Western Insurance.DTOs", "Tim Udoma Western Insurance.DTOs\Tim Udoma Western Insurance.DTOs.csproj", "{30F1AFF8-B8C6-4A0D-915C-454C6CB7FD82}"
EndProject
Project("{FAE04EC0-301F-11D3-BF4B-00C04F79EFBC}") = "Tim Udoma Western Insurance.Shared", "Tim Udoma Western Insurance.Shared\Tim Udoma Western Insurance.Shared.csproj", "{F3F8A664-0F9D-43B4-9967-8E03E9553FED}"
EndProject
Project("{FAE04EC0-301F-11D3-BF4B-00C04F79EFBC}") = "Tim Udoma Western Insurance.Test", "Tim Udoma Western Insurance.Test\Tim Udoma Western Insurance.Test.csproj", "{0EAD92AE-2C6E-4B2C-B6A4-A9C47B807455}"
EndProject
Global
	GlobalSection(SolutionConfigurationPlatforms) = preSolution
		Debug|Any CPU = Debug|Any CPU
		Release|Any CPU = Release|Any CPU
	EndGlobalSection
	GlobalSection(ProjectConfigurationPlatforms) = postSolution
		{EBB0C5E1-0AD1-43BB-8717-E15E6496EA0F}.Debug|Any CPU.ActiveCfg = Debug|Any CPU
		{EBB0C5E1-0AD1-43BB-8717-E15E6496EA0F}.Debug|Any CPU.Build.0 = Debug|Any CPU
		{EBB0C5E1-0AD1-43BB-8717-E15E6496EA0F}.Release|Any CPU.ActiveCfg = Release|Any CPU
		{EBB0C5E1-0AD1-43BB-8717-E15E6496EA0F}.Release|Any CPU.Build.0 = Release|Any CPU
		{91657028-6392-4F69-8942-F8A9647633B0}.Debug|Any CPU.ActiveCfg = Debug|Any CPU
		{91657028-6392-4F69-8942-F8A9647633B0}.Debug|Any CPU.Build.0 = Debug|Any CPU
		{91657028-6392-4F69-8942-F8A9647633B0}.Release|Any CPU.ActiveCfg = Release|Any CPU
		{91657028-6392-4F69-8942-F8A9647633B0}.Release|Any CPU.Build.0 = Release|Any CPU
		{34226E6A-E553-41FB-8E44-9877E87F7220}.Debug|Any CPU.ActiveCfg = Debug|Any CPU
		{34226E6A-E553-41FB-8E44-9877E87F7220}.Debug|Any CPU.Build.0 = Debug|Any CPU
		{34226E6A-E553-41FB-8E44-9877E87F7220}.Release|Any CPU.ActiveCfg = Release|Any CPU
		{34226E6A-E553-41FB-8E44-9877E87F7220}.Release|Any CPU.Build.0 = Release|Any CPU
		{30F1AFF8-B8C6-4A0D-915C-454C6CB7FD82}.Debug|Any CPU.ActiveCfg = Debug|Any CPU
		{30F1AFF8-B8C6-4A0D-915C-454C6CB7FD82}.Debug|Any CPU.Build.0 = Debug|Any CPU
		{30F1AFF8-B8C6-4A0D-915C-454C6CB7FD82}.Release|Any CPU.ActiveCfg = Release|Any CPU
		{30F1AFF8-B8C6-4A0D-915C-454C6CB7FD82}.Release|Any CPU.Build.0 = Release|Any CPU
		{F3F8A664-0F9D-43B4-9967-8E03E9553FED}.Debug|Any CPU.ActiveCfg = Debug|Any CPU
		{F3F8A664-0F9D-43B4-9967-8E03E9553FED}.Debug|Any CPU.Build.0 = Debug|Any CPU
		{F3F8A664-0F9D-43B4-9967-8E03E9553FED}.Release|Any CPU.ActiveCfg = Release|Any CPU
		{F3F8A664-0F9D-43B4-9967-8E03E9553FED}.Release|Any CPU.Build.0 = Release|Any CPU
		{0EAD92AE-2C6E-4B2C-B6A4-A9C47B807455}.Debug|Any CPU.ActiveCfg = Debug|Any CPU
		{0EAD92AE-2C6E-4B2C-B6A4-A9C47B807455}.Debug|Any CPU.Build.0 = Debug|Any CPU
		{0EAD92AE-2C6E-4B2C-B6A4-A9C47B807455}.Release|Any CPU.ActiveCfg = Release|Any CPU
		{0EAD92AE-2C6E-4B2C-B6A4-A9C47B807455}.Release|Any CPU.Build.0 = Release|Any CPU
	EndGlobalSection
	GlobalSection(SolutionProperties) = preSolution
		HideSolutionNode = FALSE
	EndGlobalSection
	GlobalSection(ExtensibilityGlobals) = postSolution
		SolutionGuid = {EA28AC52-FAE9-417F-860F-7CEA5064B631}
	EndGlobalSection
EndGlobal
